
Microsoft Visual Studio Solution File, Format Version 12.00
# Visual Studio Version 16
VisualStudioVersion = 16.0.30517.126
MinimumVisualStudioVersion = 10.0.40219.1
Project("{8BC9CEB8-8B4A-11D0-8D11-00A0C91BC942}") = "Week9_Practice", "Week9_Practice\Week9_Practice.vcxproj", "{1BC37D6A-B5A0-4572-B417-E331D4346204}"
EndProject
Global
	GlobalSection(SolutionConfigurationPlatforms) = preSolution
		Debug|x64 = Debug|x64
		Debug|x86 = Debug|x86
		Release|x64 = Release|x64
		Release|x86 = Release|x86
	EndGlobalSection
	GlobalSection(ProjectConfigurationPlatforms) = postSolution
		{1BC37D6A-B5A0-4572-B417-E331D4346204}.Debug|x64.ActiveCfg = Debug|x64
		{1BC37D6A-B5A0-4572-B417-E331D4346204}.Debug|x64.Build.0 = Debug|x64
		{1BC37D6A-B5A0-4572-B417-E331D4346204}.Debug|x86.ActiveCfg = Debug|Win32
		{1BC37D6A-B5A0-4572-B417-E331D4346204}.Debug|x86.Build.0 = Debug|Win32
		{1BC37D6A-B5A0-4572-B417-E331D4346204}.Release|x64.ActiveCfg = Release|x64
		{1BC37D6A-B5A0-4572-B417-E331D4346204}.Release|x64.Build.0 = Release|x64
		{1BC37D6A-B5A0-4572-B417-E331D4346204}.Release|x86.ActiveCfg = Release|Win32
		{1BC37D6A-B5A0-4572-B417-E331D4346204}.Release|x86.Build.0 = Release|Win32
	EndGlobalSection
	GlobalSection(SolutionProperties) = preSolution
		HideSolutionNode = FALSE
	EndGlobalSection
	GlobalSection(ExtensibilityGlobals) = postSolution
		SolutionGuid = {4D95FA99-370E-4CDF-8D5E-144F7EDB83FC}
	EndGlobalSection
EndGlobal
