
Microsoft Visual Studio Solution File, Format Version 12.00
# Visual Studio Version 16
VisualStudioVersion = 16.0.30517.126
MinimumVisualStudioVersion = 10.0.40219.1
Project("{8BC9CEB8-8B4A-11D0-8D11-00A0C91BC942}") = "Week06_Practice", "Week06_Practice\Week06_Practice.vcxproj", "{A655AEA1-940E-46C2-B832-BF63AFDB2EF5}"
EndProject
Global
	GlobalSection(SolutionConfigurationPlatforms) = preSolution
		Debug|x64 = Debug|x64
		Debug|x86 = Debug|x86
		Release|x64 = Release|x64
		Release|x86 = Release|x86
	EndGlobalSection
	GlobalSection(ProjectConfigurationPlatforms) = postSolution
		{A655AEA1-940E-46C2-B832-BF63AFDB2EF5}.Debug|x64.ActiveCfg = Debug|x64
		{A655AEA1-940E-46C2-B832-BF63AFDB2EF5}.Debug|x64.Build.0 = Debug|x64
		{A655AEA1-940E-46C2-B832-BF63AFDB2EF5}.Debug|x86.ActiveCfg = Debug|Win32
		{A655AEA1-940E-46C2-B832-BF63AFDB2EF5}.Debug|x86.Build.0 = Debug|Win32
		{A655AEA1-940E-46C2-B832-BF63AFDB2EF5}.Release|x64.ActiveCfg = Release|x64
		{A655AEA1-940E-46C2-B832-BF63AFDB2EF5}.Release|x64.Build.0 = Release|x64
		{A655AEA1-940E-46C2-B832-BF63AFDB2EF5}.Release|x86.ActiveCfg = Release|Win32
		{A655AEA1-940E-46C2-B832-BF63AFDB2EF5}.Release|x86.Build.0 = Release|Win32
	EndGlobalSection
	GlobalSection(SolutionProperties) = preSolution
		HideSolutionNode = FALSE
	EndGlobalSection
	GlobalSection(ExtensibilityGlobals) = postSolution
		SolutionGuid = {9BD93A00-043F-4DE4-AC03-CCF16885B658}
	EndGlobalSection
EndGlobal
